
Microsoft Visual Studio Solution File, Format Version 12.00
# Visual Studio 15
VisualStudioVersion = 15.0.26730.12
MinimumVisualStudioVersion = 10.0.40219.1
Project("{FAE04EC0-301F-11D3-BF4B-00C04F79EFBC}") = "ModelExplorer", "ModelExplorer\ModelExplorer.csproj", "{13A45C13-3265-47B8-BC48-A553B569DF55}"
EndProject
Project("{FAE04EC0-301F-11D3-BF4B-00C04F79EFBC}") = "Assembly-CSharp", "C:\Hololens\ModelExplorer211\App\GeneratedProjects\UWP\Assembly-CSharp\Assembly-CSharp.csproj", "{292D0167-FF89-40A3-94B0-0FC397351513}"
EndProject
Project("{FAE04EC0-301F-11D3-BF4B-00C04F79EFBC}") = "Assembly-CSharp-firstpass", "C:\Hololens\ModelExplorer211\App\GeneratedProjects\UWP\Assembly-CSharp-firstpass\Assembly-CSharp-firstpass.csproj", "{1EA8BF56-576C-460B-B631-B89A92EFAB7F}"
EndProject
Global
	GlobalSection(SolutionConfigurationPlatforms) = preSolution
		Debug|ARM = Debug|ARM
		Debug|x64 = Debug|x64
		Debug|x86 = Debug|x86
		Master|ARM = Master|ARM
		Master|x64 = Master|x64
		Master|x86 = Master|x86
		Release|ARM = Release|ARM
		Release|x64 = Release|x64
		Release|x86 = Release|x86
	EndGlobalSection
	GlobalSection(ProjectConfigurationPlatforms) = postSolution
		{13A45C13-3265-47B8-BC48-A553B569DF55}.Debug|ARM.ActiveCfg = Debug|ARM
		{13A45C13-3265-47B8-BC48-A553B569DF55}.Debug|ARM.Build.0 = Debug|ARM
		{13A45C13-3265-47B8-BC48-A553B569DF55}.Debug|ARM.Deploy.0 = Debug|ARM
		{13A45C13-3265-47B8-BC48-A553B569DF55}.Debug|x64.ActiveCfg = Debug|x64
		{13A45C13-3265-47B8-BC48-A553B569DF55}.Debug|x64.Build.0 = Debug|x64
		{13A45C13-3265-47B8-BC48-A553B569DF55}.Debug|x64.Deploy.0 = Debug|x64
		{13A45C13-3265-47B8-BC48-A553B569DF55}.Debug|x86.ActiveCfg = Debug|x86
		{13A45C13-3265-47B8-BC48-A553B569DF55}.Debug|x86.Build.0 = Debug|x86
		{13A45C13-3265-47B8-BC48-A553B569DF55}.Debug|x86.Deploy.0 = Debug|x86
		{13A45C13-3265-47B8-BC48-A553B569DF55}.Master|ARM.ActiveCfg = Master|ARM
		{13A45C13-3265-47B8-BC48-A553B569DF55}.Master|ARM.Build.0 = Master|ARM
		{13A45C13-3265-47B8-BC48-A553B569DF55}.Master|ARM.Deploy.0 = Master|ARM
		{13A45C13-3265-47B8-BC48-A553B569DF55}.Master|x64.ActiveCfg = Master|x64
		{13A45C13-3265-47B8-BC48-A553B569DF55}.Master|x64.Build.0 = Master|x64
		{13A45C13-3265-47B8-BC48-A553B569DF55}.Master|x64.Deploy.0 = Master|x64
		{13A45C13-3265-47B8-BC48-A553B569DF55}.Master|x86.ActiveCfg = Master|x86
		{13A45C13-3265-47B8-BC48-A553B569DF55}.Master|x86.Build.0 = Master|x86
		{13A45C13-3265-47B8-BC48-A553B569DF55}.Master|x86.Deploy.0 = Master|x86
		{13A45C13-3265-47B8-BC48-A553B569DF55}.Release|ARM.ActiveCfg = Release|ARM
		{13A45C13-3265-47B8-BC48-A553B569DF55}.Release|ARM.Build.0 = Release|ARM
		{13A45C13-3265-47B8-BC48-A553B569DF55}.Release|ARM.Deploy.0 = Release|ARM
		{13A45C13-3265-47B8-BC48-A553B569DF55}.Release|x64.ActiveCfg = Release|x64
		{13A45C13-3265-47B8-BC48-A553B569DF55}.Release|x64.Build.0 = Release|x64
		{13A45C13-3265-47B8-BC48-A553B569DF55}.Release|x64.Deploy.0 = Release|x64
		{13A45C13-3265-47B8-BC48-A553B569DF55}.Release|x86.ActiveCfg = Release|x86
		{13A45C13-3265-47B8-BC48-A553B569DF55}.Release|x86.Build.0 = Release|x86
		{13A45C13-3265-47B8-BC48-A553B569DF55}.Release|x86.Deploy.0 = Release|x86
		{292D0167-FF89-40A3-94B0-0FC397351513}.Debug|ARM.ActiveCfg = Debug|ARM
		{292D0167-FF89-40A3-94B0-0FC397351513}.Debug|ARM.Build.0 = Debug|ARM
		{292D0167-FF89-40A3-94B0-0FC397351513}.Debug|x64.ActiveCfg = Debug|x64
		{292D0167-FF89-40A3-94B0-0FC397351513}.Debug|x64.Build.0 = Debug|x64
		{292D0167-FF89-40A3-94B0-0FC397351513}.Debug|x86.ActiveCfg = Debug|x86
		{292D0167-FF89-40A3-94B0-0FC397351513}.Debug|x86.Build.0 = Debug|x86
		{292D0167-FF89-40A3-94B0-0FC397351513}.Master|ARM.ActiveCfg = Master|ARM
		{292D0167-FF89-40A3-94B0-0FC397351513}.Master|ARM.Build.0 = Master|ARM
		{292D0167-FF89-40A3-94B0-0FC397351513}.Master|x64.ActiveCfg = Master|x64
		{292D0167-FF89-40A3-94B0-0FC397351513}.Master|x64.Build.0 = Master|x64
		{292D0167-FF89-40A3-94B0-0FC397351513}.Master|x86.ActiveCfg = Master|x86
		{292D0167-FF89-40A3-94B0-0FC397351513}.Master|x86.Build.0 = Master|x86
		{292D0167-FF89-40A3-94B0-0FC397351513}.Release|ARM.ActiveCfg = Release|ARM
		{292D0167-FF89-40A3-94B0-0FC397351513}.Release|ARM.Build.0 = Release|ARM
		{292D0167-FF89-40A3-94B0-0FC397351513}.Release|x64.ActiveCfg = Release|x64
		{292D0167-FF89-40A3-94B0-0FC397351513}.Release|x64.Build.0 = Release|x64
		{292D0167-FF89-40A3-94B0-0FC397351513}.Release|x86.ActiveCfg = Release|x86
		{292D0167-FF89-40A3-94B0-0FC397351513}.Release|x86.Build.0 = Release|x86
		{1EA8BF56-576C-460B-B631-B89A92EFAB7F}.Debug|ARM.ActiveCfg = Debug|ARM
		{1EA8BF56-576C-460B-B631-B89A92EFAB7F}.Debug|ARM.Build.0 = Debug|ARM
		{1EA8BF56-576C-460B-B631-B89A92EFAB7F}.Debug|x64.ActiveCfg = Debug|x64
		{1EA8BF56-576C-460B-B631-B89A92EFAB7F}.Debug|x64.Build.0 = Debug|x64
		{1EA8BF56-576C-460B-B631-B89A92EFAB7F}.Debug|x86.ActiveCfg = Debug|x86
		{1EA8BF56-576C-460B-B631-B89A92EFAB7F}.Debug|x86.Build.0 = Debug|x86
		{1EA8BF56-576C-460B-B631-B89A92EFAB7F}.Master|ARM.ActiveCfg = Master|ARM
		{1EA8BF56-576C-460B-B631-B89A92EFAB7F}.Master|ARM.Build.0 = Master|ARM
		{1EA8BF56-576C-460B-B631-B89A92EFAB7F}.Master|x64.ActiveCfg = Master|x64
		{1EA8BF56-576C-460B-B631-B89A92EFAB7F}.Master|x64.Build.0 = Master|x64
		{1EA8BF56-576C-460B-B631-B89A92EFAB7F}.Master|x86.ActiveCfg = Master|x86
		{1EA8BF56-576C-460B-B631-B89A92EFAB7F}.Master|x86.Build.0 = Master|x86
		{1EA8BF56-576C-460B-B631-B89A92EFAB7F}.Release|ARM.ActiveCfg = Release|ARM
		{1EA8BF56-576C-460B-B631-B89A92EFAB7F}.Release|ARM.Build.0 = Release|ARM
		{1EA8BF56-576C-460B-B631-B89A92EFAB7F}.Release|x64.ActiveCfg = Release|x64
		{1EA8BF56-576C-460B-B631-B89A92EFAB7F}.Release|x64.Build.0 = Release|x64
		{1EA8BF56-576C-460B-B631-B89A92EFAB7F}.Release|x86.ActiveCfg = Release|x86
		{1EA8BF56-576C-460B-B631-B89A92EFAB7F}.Release|x86.Build.0 = Release|x86
	EndGlobalSection
	GlobalSection(SolutionProperties) = preSolution
		HideSolutionNode = FALSE
	EndGlobalSection
	GlobalSection(ExtensibilityGlobals) = postSolution
		SolutionGuid = {EFD304A1-ED66-4FFA-AD70-546F3DC72324}
	EndGlobalSection
EndGlobal
