
Microsoft Visual Studio Solution File, Format Version 12.00
# Visual Studio 15
VisualStudioVersion = 15.0.26730.12
MinimumVisualStudioVersion = 10.0.40219.1
Project("{FAE04EC0-301F-11D3-BF4B-00C04F79EFBC}") = "ModelExplorer", "ModelExplorer\ModelExplorer.csproj", "{13A45C13-3265-47B8-BC48-A553B569DF55}"
EndProject
Project("{FAE04EC0-301F-11D3-BF4B-00C04F79EFBC}") = "Assembly-CSharp", "C:\Hololens\Hologram212\App\GeneratedProjects\UWP\Assembly-CSharp\Assembly-CSharp.csproj", "{347B0CF3-6EB4-4D13-8164-09A9B01BD232}"
EndProject
Project("{FAE04EC0-301F-11D3-BF4B-00C04F79EFBC}") = "Assembly-CSharp-firstpass", "C:\Hololens\Hologram212\App\GeneratedProjects\UWP\Assembly-CSharp-firstpass\Assembly-CSharp-firstpass.csproj", "{D45AE27B-B8C2-4F6B-B75C-0F9622A6A5DA}"
EndProject
Global
	GlobalSection(SolutionConfigurationPlatforms) = preSolution
		Debug|ARM = Debug|ARM
		Debug|x64 = Debug|x64
		Debug|x86 = Debug|x86
		Master|ARM = Master|ARM
		Master|x64 = Master|x64
		Master|x86 = Master|x86
		Release|ARM = Release|ARM
		Release|x64 = Release|x64
		Release|x86 = Release|x86
	EndGlobalSection
	GlobalSection(ProjectConfigurationPlatforms) = postSolution
		{13A45C13-3265-47B8-BC48-A553B569DF55}.Debug|ARM.ActiveCfg = Debug|ARM
		{13A45C13-3265-47B8-BC48-A553B569DF55}.Debug|ARM.Build.0 = Debug|ARM
		{13A45C13-3265-47B8-BC48-A553B569DF55}.Debug|ARM.Deploy.0 = Debug|ARM
		{13A45C13-3265-47B8-BC48-A553B569DF55}.Debug|x64.ActiveCfg = Debug|x64
		{13A45C13-3265-47B8-BC48-A553B569DF55}.Debug|x64.Build.0 = Debug|x64
		{13A45C13-3265-47B8-BC48-A553B569DF55}.Debug|x64.Deploy.0 = Debug|x64
		{13A45C13-3265-47B8-BC48-A553B569DF55}.Debug|x86.ActiveCfg = Debug|x86
		{13A45C13-3265-47B8-BC48-A553B569DF55}.Debug|x86.Build.0 = Debug|x86
		{13A45C13-3265-47B8-BC48-A553B569DF55}.Debug|x86.Deploy.0 = Debug|x86
		{13A45C13-3265-47B8-BC48-A553B569DF55}.Master|ARM.ActiveCfg = Master|ARM
		{13A45C13-3265-47B8-BC48-A553B569DF55}.Master|ARM.Build.0 = Master|ARM
		{13A45C13-3265-47B8-BC48-A553B569DF55}.Master|ARM.Deploy.0 = Master|ARM
		{13A45C13-3265-47B8-BC48-A553B569DF55}.Master|x64.ActiveCfg = Master|x64
		{13A45C13-3265-47B8-BC48-A553B569DF55}.Master|x64.Build.0 = Master|x64
		{13A45C13-3265-47B8-BC48-A553B569DF55}.Master|x64.Deploy.0 = Master|x64
		{13A45C13-3265-47B8-BC48-A553B569DF55}.Master|x86.ActiveCfg = Master|x86
		{13A45C13-3265-47B8-BC48-A553B569DF55}.Master|x86.Build.0 = Master|x86
		{13A45C13-3265-47B8-BC48-A553B569DF55}.Master|x86.Deploy.0 = Master|x86
		{13A45C13-3265-47B8-BC48-A553B569DF55}.Release|ARM.ActiveCfg = Release|ARM
		{13A45C13-3265-47B8-BC48-A553B569DF55}.Release|ARM.Build.0 = Release|ARM
		{13A45C13-3265-47B8-BC48-A553B569DF55}.Release|ARM.Deploy.0 = Release|ARM
		{13A45C13-3265-47B8-BC48-A553B569DF55}.Release|x64.ActiveCfg = Release|x64
		{13A45C13-3265-47B8-BC48-A553B569DF55}.Release|x64.Build.0 = Release|x64
		{13A45C13-3265-47B8-BC48-A553B569DF55}.Release|x64.Deploy.0 = Release|x64
		{13A45C13-3265-47B8-BC48-A553B569DF55}.Release|x86.ActiveCfg = Release|x86
		{13A45C13-3265-47B8-BC48-A553B569DF55}.Release|x86.Build.0 = Release|x86
		{13A45C13-3265-47B8-BC48-A553B569DF55}.Release|x86.Deploy.0 = Release|x86
		{347B0CF3-6EB4-4D13-8164-09A9B01BD232}.Debug|ARM.ActiveCfg = Debug|ARM
		{347B0CF3-6EB4-4D13-8164-09A9B01BD232}.Debug|ARM.Build.0 = Debug|ARM
		{347B0CF3-6EB4-4D13-8164-09A9B01BD232}.Debug|x64.ActiveCfg = Debug|x64
		{347B0CF3-6EB4-4D13-8164-09A9B01BD232}.Debug|x64.Build.0 = Debug|x64
		{347B0CF3-6EB4-4D13-8164-09A9B01BD232}.Debug|x86.ActiveCfg = Debug|x86
		{347B0CF3-6EB4-4D13-8164-09A9B01BD232}.Debug|x86.Build.0 = Debug|x86
		{347B0CF3-6EB4-4D13-8164-09A9B01BD232}.Master|ARM.ActiveCfg = Master|ARM
		{347B0CF3-6EB4-4D13-8164-09A9B01BD232}.Master|ARM.Build.0 = Master|ARM
		{347B0CF3-6EB4-4D13-8164-09A9B01BD232}.Master|x64.ActiveCfg = Master|x64
		{347B0CF3-6EB4-4D13-8164-09A9B01BD232}.Master|x64.Build.0 = Master|x64
		{347B0CF3-6EB4-4D13-8164-09A9B01BD232}.Master|x86.ActiveCfg = Master|x86
		{347B0CF3-6EB4-4D13-8164-09A9B01BD232}.Master|x86.Build.0 = Master|x86
		{347B0CF3-6EB4-4D13-8164-09A9B01BD232}.Release|ARM.ActiveCfg = Release|ARM
		{347B0CF3-6EB4-4D13-8164-09A9B01BD232}.Release|ARM.Build.0 = Release|ARM
		{347B0CF3-6EB4-4D13-8164-09A9B01BD232}.Release|x64.ActiveCfg = Release|x64
		{347B0CF3-6EB4-4D13-8164-09A9B01BD232}.Release|x64.Build.0 = Release|x64
		{347B0CF3-6EB4-4D13-8164-09A9B01BD232}.Release|x86.ActiveCfg = Release|x86
		{347B0CF3-6EB4-4D13-8164-09A9B01BD232}.Release|x86.Build.0 = Release|x86
		{D45AE27B-B8C2-4F6B-B75C-0F9622A6A5DA}.Debug|ARM.ActiveCfg = Debug|ARM
		{D45AE27B-B8C2-4F6B-B75C-0F9622A6A5DA}.Debug|ARM.Build.0 = Debug|ARM
		{D45AE27B-B8C2-4F6B-B75C-0F9622A6A5DA}.Debug|x64.ActiveCfg = Debug|x64
		{D45AE27B-B8C2-4F6B-B75C-0F9622A6A5DA}.Debug|x64.Build.0 = Debug|x64
		{D45AE27B-B8C2-4F6B-B75C-0F9622A6A5DA}.Debug|x86.ActiveCfg = Debug|x86
		{D45AE27B-B8C2-4F6B-B75C-0F9622A6A5DA}.Debug|x86.Build.0 = Debug|x86
		{D45AE27B-B8C2-4F6B-B75C-0F9622A6A5DA}.Master|ARM.ActiveCfg = Master|ARM
		{D45AE27B-B8C2-4F6B-B75C-0F9622A6A5DA}.Master|ARM.Build.0 = Master|ARM
		{D45AE27B-B8C2-4F6B-B75C-0F9622A6A5DA}.Master|x64.ActiveCfg = Master|x64
		{D45AE27B-B8C2-4F6B-B75C-0F9622A6A5DA}.Master|x64.Build.0 = Master|x64
		{D45AE27B-B8C2-4F6B-B75C-0F9622A6A5DA}.Master|x86.ActiveCfg = Master|x86
		{D45AE27B-B8C2-4F6B-B75C-0F9622A6A5DA}.Master|x86.Build.0 = Master|x86
		{D45AE27B-B8C2-4F6B-B75C-0F9622A6A5DA}.Release|ARM.ActiveCfg = Release|ARM
		{D45AE27B-B8C2-4F6B-B75C-0F9622A6A5DA}.Release|ARM.Build.0 = Release|ARM
		{D45AE27B-B8C2-4F6B-B75C-0F9622A6A5DA}.Release|x64.ActiveCfg = Release|x64
		{D45AE27B-B8C2-4F6B-B75C-0F9622A6A5DA}.Release|x64.Build.0 = Release|x64
		{D45AE27B-B8C2-4F6B-B75C-0F9622A6A5DA}.Release|x86.ActiveCfg = Release|x86
		{D45AE27B-B8C2-4F6B-B75C-0F9622A6A5DA}.Release|x86.Build.0 = Release|x86
	EndGlobalSection
	GlobalSection(SolutionProperties) = preSolution
		HideSolutionNode = FALSE
	EndGlobalSection
	GlobalSection(ExtensibilityGlobals) = postSolution
		SolutionGuid = {BB25E849-C40D-4E66-AC74-A24E7EFE81CE}
	EndGlobalSection
EndGlobal
